{
  "name": "forge-starters",
  "lockfileVersion": 3,
  "requires": true,
  "packages": {
    "": {
      "dependencies": {
        "hermes-agent": "^0.17.0"
      }
    },
    "node_modules/hermes-agent": {
      "version": "0.17.0",
      "resolved": "https://registry.npmjs.org/hermes-agent/-/hermes-agent-0.17.0.tgz",
      "integrity": "sha512-PzSJiYqmwpTudmakYs2oCJ57OW3VwEJYf8buTuKvuRvcYEUf/KOTu2dD6pLf2XYgDKErpvcDaoSAJ1nGCyvzAA==",
      "hasInstallScript": true,
      "license": "MIT",
      "bin": {
        "hermes": "bin/hermes.js",
        "hermes-agent": "bin/hermes-agent.js"
      },
      "engines": {
        "node": ">=20.0.0"
      }
    }
  }
}
